{
  "name": "cpsc410_project2_team23",
  "version": "1.0.0",
  "lockfileVersion": 1,
  "requires": true,
  "dependencies": {
    "acorn": {
      "version": "5.7.4",
      "resolved": "https://registry.npmjs.org/acorn/-/acorn-5.7.4.tgz",
      "integrity": "sha512-1D++VG7BhrtvQpNbBzovKNc1FLGGEE/oGe7b9xJm/RFHMBeUaUGpluV9RLjZa47YFdPcDAenEYuq9pQPcMdLJg=="
    },
    "astring": {
      "version": "1.4.3",
      "resolved": "https://registry.npmjs.org/astring/-/astring-1.4.3.tgz",
      "integrity": "sha512-yJlJU/bmN820vL+cbWShu2YQU87dBP5V7BH2N4wODapRv27A2dZtUD0LgjP9lZENvPe9XRoSyWx+pZR6qKqNBw=="
    },
    "iroh": {
      "version": "0.3.0",
      "resolved": "https://registry.npmjs.org/iroh/-/iroh-0.3.0.tgz",
      "integrity": "sha512-dKCkw27lFHnDY5PbNWKZ1+vzR/KBvr6c1LhbdigCZpjcSqMJURN16QnQNhAv3ZJ57JvsmPlprKjq/HV5D7Ingw==",
      "requires": {
        "acorn": "^5.1.1",
        "astring": "^1.0.5"
      }
    }
  }
}
